
Microsoft Visual Studio Solution File, Format Version 12.00
# Visual Studio 14
VisualStudioVersion = 14.0.25420.1
MinimumVisualStudioVersion = 10.0.40219.1
Project("{FAE04EC0-301F-11D3-BF4B-00C04F79EFBC}") = "KspHelper", "KspHelper\KspHelper.csproj", "{A65E7842-FF22-4FC5-8FAA-3DC648431EFB}"
EndProject
Project("{2150E333-8FDC-42A3-9474-1A3956D46DE8}") = ".nuget", ".nuget", "{D5EAC6CE-3A0C-4FF8-A2F2-33B0C6370DC9}"
EndProject
Global
	GlobalSection(SolutionConfigurationPlatforms) = preSolution
		Debug|Any CPU = Debug|Any CPU
		Release|Any CPU = Release|Any CPU
	EndGlobalSection
	GlobalSection(ProjectConfigurationPlatforms) = postSolution
		{A65E7842-FF22-4FC5-8FAA-3DC648431EFB}.Debug|Any CPU.ActiveCfg = Debug|Any CPU
		{A65E7842-FF22-4FC5-8FAA-3DC648431EFB}.Debug|Any CPU.Build.0 = Debug|Any CPU
		{A65E7842-FF22-4FC5-8FAA-3DC648431EFB}.Release|Any CPU.ActiveCfg = Release|Any CPU
		{A65E7842-FF22-4FC5-8FAA-3DC648431EFB}.Release|Any CPU.Build.0 = Release|Any CPU
	EndGlobalSection
	GlobalSection(SolutionProperties) = preSolution
		HideSolutionNode = FALSE
	EndGlobalSection
EndGlobal
